
Microsoft Visual Studio Solution File, Format Version 12.00
# Visual Studio Version 16
VisualStudioVersion = 16.0.30114.105
MinimumVisualStudioVersion = 10.0.40219.1
Project("{FAE04EC0-301F-11D3-BF4B-00C04F79EFBC}") = "Library", "library\Library.csproj", "{BF3967D4-0F41-4DB2-8118-9ECA6506EC33}"
EndProject
Project("{FAE04EC0-301F-11D3-BF4B-00C04F79EFBC}") = "Library.Test", "library-test\Library.Test.csproj", "{7277F72D-FFDC-4646-B6F5-B1E750470AD3}"
EndProject
Project("{FAE04EC0-301F-11D3-BF4B-00C04F79EFBC}") = "Cli", "cli\Cli.csproj", "{396367C7-A023-4676-8B61-0B83D283EADD}"
EndProject
Global
	GlobalSection(SolutionConfigurationPlatforms) = preSolution
		Debug|Any CPU = Debug|Any CPU
		Release|Any CPU = Release|Any CPU
	EndGlobalSection
	GlobalSection(SolutionProperties) = preSolution
		HideSolutionNode = FALSE
	EndGlobalSection
	GlobalSection(ProjectConfigurationPlatforms) = postSolution
		{BF3967D4-0F41-4DB2-8118-9ECA6506EC33}.Debug|Any CPU.ActiveCfg = Debug|Any CPU
		{BF3967D4-0F41-4DB2-8118-9ECA6506EC33}.Debug|Any CPU.Build.0 = Debug|Any CPU
		{BF3967D4-0F41-4DB2-8118-9ECA6506EC33}.Release|Any CPU.ActiveCfg = Release|Any CPU
		{BF3967D4-0F41-4DB2-8118-9ECA6506EC33}.Release|Any CPU.Build.0 = Release|Any CPU
		{7277F72D-FFDC-4646-B6F5-B1E750470AD3}.Debug|Any CPU.ActiveCfg = Debug|Any CPU
		{7277F72D-FFDC-4646-B6F5-B1E750470AD3}.Debug|Any CPU.Build.0 = Debug|Any CPU
		{7277F72D-FFDC-4646-B6F5-B1E750470AD3}.Release|Any CPU.ActiveCfg = Release|Any CPU
		{7277F72D-FFDC-4646-B6F5-B1E750470AD3}.Release|Any CPU.Build.0 = Release|Any CPU
		{396367C7-A023-4676-8B61-0B83D283EADD}.Debug|Any CPU.ActiveCfg = Debug|Any CPU
		{396367C7-A023-4676-8B61-0B83D283EADD}.Debug|Any CPU.Build.0 = Debug|Any CPU
		{396367C7-A023-4676-8B61-0B83D283EADD}.Release|Any CPU.ActiveCfg = Release|Any CPU
		{396367C7-A023-4676-8B61-0B83D283EADD}.Release|Any CPU.Build.0 = Release|Any CPU
	EndGlobalSection
EndGlobal
